
Microsoft Visual Studio Solution File, Format Version 12.00
# Visual Studio Version 16
VisualStudioVersion = 16.0.31402.337
MinimumVisualStudioVersion = 10.0.40219.1
Project("{FAE04EC0-301F-11D3-BF4B-00C04F79EFBC}") = "Calculator", "Calculator\Calculator.csproj", "{BF8541A2-3667-46C1-8AE4-D36F005D80DA}"
EndProject
Project("{FAE04EC0-301F-11D3-BF4B-00C04F79EFBC}") = "Calculator.Tests", "Calculator.Tests\Calculator.Tests.csproj", "{43AAE35B-194F-4824-80F2-924B1DA34833}"
EndProject
Global
	GlobalSection(SolutionConfigurationPlatforms) = preSolution
		Debug|Any CPU = Debug|Any CPU
		Release|Any CPU = Release|Any CPU
	EndGlobalSection
	GlobalSection(ProjectConfigurationPlatforms) = postSolution
		{BF8541A2-3667-46C1-8AE4-D36F005D80DA}.Debug|Any CPU.ActiveCfg = Debug|Any CPU
		{BF8541A2-3667-46C1-8AE4-D36F005D80DA}.Debug|Any CPU.Build.0 = Debug|Any CPU
		{BF8541A2-3667-46C1-8AE4-D36F005D80DA}.Release|Any CPU.ActiveCfg = Release|Any CPU
		{BF8541A2-3667-46C1-8AE4-D36F005D80DA}.Release|Any CPU.Build.0 = Release|Any CPU
		{43AAE35B-194F-4824-80F2-924B1DA34833}.Debug|Any CPU.ActiveCfg = Debug|Any CPU
		{43AAE35B-194F-4824-80F2-924B1DA34833}.Debug|Any CPU.Build.0 = Debug|Any CPU
		{43AAE35B-194F-4824-80F2-924B1DA34833}.Release|Any CPU.ActiveCfg = Release|Any CPU
		{43AAE35B-194F-4824-80F2-924B1DA34833}.Release|Any CPU.Build.0 = Release|Any CPU
	EndGlobalSection
	GlobalSection(SolutionProperties) = preSolution
		HideSolutionNode = FALSE
	EndGlobalSection
	GlobalSection(ExtensibilityGlobals) = postSolution
		SolutionGuid = {8B416927-D4FA-46FD-9EFD-F8B16F4BCB27}
	EndGlobalSection
EndGlobal
